
Microsoft Visual Studio Solution File, Format Version 12.00
# Visual Studio 14
VisualStudioVersion = 14.0.25420.1
MinimumVisualStudioVersion = 10.0.40219.1
Project("{9092AA53-FB77-4645-B42D-1CCCA6BD08BD}") = "Week3Ex4", "Week3Ex4\Week3Ex4.njsproj", "{BA6C0CBD-5C3F-4E05-BECD-4D5098248A62}"
EndProject
Global
	GlobalSection(SolutionConfigurationPlatforms) = preSolution
		Debug|Any CPU = Debug|Any CPU
		Release|Any CPU = Release|Any CPU
	EndGlobalSection
	GlobalSection(ProjectConfigurationPlatforms) = postSolution
		{BA6C0CBD-5C3F-4E05-BECD-4D5098248A62}.Debug|Any CPU.ActiveCfg = Debug|Any CPU
		{BA6C0CBD-5C3F-4E05-BECD-4D5098248A62}.Debug|Any CPU.Build.0 = Debug|Any CPU
		{BA6C0CBD-5C3F-4E05-BECD-4D5098248A62}.Release|Any CPU.ActiveCfg = Release|Any CPU
		{BA6C0CBD-5C3F-4E05-BECD-4D5098248A62}.Release|Any CPU.Build.0 = Release|Any CPU
	EndGlobalSection
	GlobalSection(SolutionProperties) = preSolution
		HideSolutionNode = FALSE
	EndGlobalSection
EndGlobal
